
Microsoft Visual Studio Solution File, Format Version 12.00
# Visual Studio Version 17
VisualStudioVersion = 17.5.002.0
MinimumVisualStudioVersion = 10.0.40219.1
Project("{2150E333-8FDC-42A3-9474-1A3956D46DE8}") = "src", "src", "{57718B48-424E-48C0-BBFF-172F414BB9A7}"
EndProject
Project("{9A19103F-16F7-4668-BE54-9A1E7A4F7556}") = "Play.Common", "src\Play.Common\Play.Common.csproj", "{C1115D2C-CB1C-43D3-9EBF-74ACFC6D3E55}"
EndProject
Global
	GlobalSection(SolutionConfigurationPlatforms) = preSolution
		Debug|Any CPU = Debug|Any CPU
		Release|Any CPU = Release|Any CPU
	EndGlobalSection
	GlobalSection(ProjectConfigurationPlatforms) = postSolution
		{C1115D2C-CB1C-43D3-9EBF-74ACFC6D3E55}.Debug|Any CPU.ActiveCfg = Debug|Any CPU
		{C1115D2C-CB1C-43D3-9EBF-74ACFC6D3E55}.Debug|Any CPU.Build.0 = Debug|Any CPU
		{C1115D2C-CB1C-43D3-9EBF-74ACFC6D3E55}.Release|Any CPU.ActiveCfg = Release|Any CPU
		{C1115D2C-CB1C-43D3-9EBF-74ACFC6D3E55}.Release|Any CPU.Build.0 = Release|Any CPU
	EndGlobalSection
	GlobalSection(SolutionProperties) = preSolution
		HideSolutionNode = FALSE
	EndGlobalSection
	GlobalSection(NestedProjects) = preSolution
		{C1115D2C-CB1C-43D3-9EBF-74ACFC6D3E55} = {57718B48-424E-48C0-BBFF-172F414BB9A7}
	EndGlobalSection
	GlobalSection(ExtensibilityGlobals) = postSolution
		SolutionGuid = {F8520216-6C45-44E8-BEAE-7F63D11453E0}
	EndGlobalSection
EndGlobal
