
Microsoft Visual Studio Solution File, Format Version 12.00
# Visual Studio Version 17
VisualStudioVersion = 17.5.002.0
MinimumVisualStudioVersion = 10.0.40219.1
Project("{2150E333-8FDC-42A3-9474-1A3956D46DE8}") = "src", "src", "{C786526F-1BD3-4C34-A007-A2FE79EDA386}"
EndProject
Project("{9A19103F-16F7-4668-BE54-9A1E7A4F7556}") = "Play.Catalogue.Service", "src\Play.Catalogue.Service\Play.Catalogue.Service.csproj", "{366B18AC-7632-4FEA-B1ED-DAF96B898E9F}"
EndProject
Global
	GlobalSection(SolutionConfigurationPlatforms) = preSolution
		Debug|Any CPU = Debug|Any CPU
		Release|Any CPU = Release|Any CPU
	EndGlobalSection
	GlobalSection(ProjectConfigurationPlatforms) = postSolution
		{366B18AC-7632-4FEA-B1ED-DAF96B898E9F}.Debug|Any CPU.ActiveCfg = Debug|Any CPU
		{366B18AC-7632-4FEA-B1ED-DAF96B898E9F}.Debug|Any CPU.Build.0 = Debug|Any CPU
		{366B18AC-7632-4FEA-B1ED-DAF96B898E9F}.Release|Any CPU.ActiveCfg = Release|Any CPU
		{366B18AC-7632-4FEA-B1ED-DAF96B898E9F}.Release|Any CPU.Build.0 = Release|Any CPU
	EndGlobalSection
	GlobalSection(SolutionProperties) = preSolution
		HideSolutionNode = FALSE
	EndGlobalSection
	GlobalSection(NestedProjects) = preSolution
		{366B18AC-7632-4FEA-B1ED-DAF96B898E9F} = {C786526F-1BD3-4C34-A007-A2FE79EDA386}
	EndGlobalSection
	GlobalSection(ExtensibilityGlobals) = postSolution
		SolutionGuid = {4FF83A0A-1A36-4A2D-AC80-E181454BBB6D}
	EndGlobalSection
EndGlobal
